
Microsoft Visual Studio Solution File, Format Version 12.00
# Visual Studio Version 17
VisualStudioVersion = 17.7.34202.233
MinimumVisualStudioVersion = 10.0.40219.1
Project("{FAE04EC0-301F-11D3-BF4B-00C04F79EFBC}") = "GitDemo", "GitDemo\GitDemo.csproj", "{310E69CF-45EB-4A36-BC42-33C0E9D7B2CA}"
EndProject
Global
	GlobalSection(SolutionConfigurationPlatforms) = preSolution
		Debug|Any CPU = Debug|Any CPU
		Release|Any CPU = Release|Any CPU
	EndGlobalSection
	GlobalSection(ProjectConfigurationPlatforms) = postSolution
		{310E69CF-45EB-4A36-BC42-33C0E9D7B2CA}.Debug|Any CPU.ActiveCfg = Debug|Any CPU
		{310E69CF-45EB-4A36-BC42-33C0E9D7B2CA}.Debug|Any CPU.Build.0 = Debug|Any CPU
		{310E69CF-45EB-4A36-BC42-33C0E9D7B2CA}.Release|Any CPU.ActiveCfg = Release|Any CPU
		{310E69CF-45EB-4A36-BC42-33C0E9D7B2CA}.Release|Any CPU.Build.0 = Release|Any CPU
	EndGlobalSection
	GlobalSection(SolutionProperties) = preSolution
		HideSolutionNode = FALSE
	EndGlobalSection
	GlobalSection(ExtensibilityGlobals) = postSolution
		SolutionGuid = {9C153DDB-059F-4A60-B4F9-6902ADD37A6B}
	EndGlobalSection
EndGlobal
